
Microsoft Visual Studio Solution File, Format Version 12.00
# Visual Studio Version 16
VisualStudioVersion = 16.0.30011.22
MinimumVisualStudioVersion = 10.0.40219.1
Project("{2150E333-8FDC-42A3-9474-1A3956D46DE8}") = "src", "src", "{64356445-D9AF-4542-91B8-ABE977D11789}"
	ProjectSection(SolutionItems) = preProject
		src\dir.props = src\dir.props
	EndProjectSection
EndProject
Project("{2150E333-8FDC-42A3-9474-1A3956D46DE8}") = "sln", "sln", "{AFB6DAEC-6BDF-43F3-B701-C2541F0FE7EE}"
	ProjectSection(SolutionItems) = preProject
		.editorconfig = .editorconfig
		.gitattributes = .gitattributes
		.gitignore = .gitignore
		assembly.props = assembly.props
		LICENSE = LICENSE
		README.md = README.md
		version.props = version.props
	EndProjectSection
EndProject
Project("{2150E333-8FDC-42A3-9474-1A3956D46DE8}") = "test", "test", "{BAA77219-03C4-4C25-9356-A503BECD4BB7}"
	ProjectSection(SolutionItems) = preProject
		test\dir.props = test\dir.props
	EndProjectSection
EndProject
Project("{9A19103F-16F7-4668-BE54-9A1E7A4F7556}") = "Verticular.Extensions.RandomStrings", "src\Verticular.Extensions.RandomStrings\Verticular.Extensions.RandomStrings.csproj", "{3AD9B722-6AFC-409F-8ACB-82007C0C8DA7}"
EndProject
Project("{2150E333-8FDC-42A3-9474-1A3956D46DE8}") = "samples", "samples", "{1CAF8EDE-371A-47EC-BC19-EDCB25DBB45B}"
EndProject
Project("{9A19103F-16F7-4668-BE54-9A1E7A4F7556}") = "Verticular.Extensions.RandomStrings.UnitTests", "test\Verticular.Extensions.RandomStrings.UnitTests\Verticular.Extensions.RandomStrings.UnitTests.csproj", "{C3C06834-9508-46B9-9F4D-57FF14BFF16C}"
EndProject
Project("{2150E333-8FDC-42A3-9474-1A3956D46DE8}") = "azure", "azure", "{D13EC6B0-7950-4175-BB12-80BB6D099FF8}"
	ProjectSection(SolutionItems) = preProject
		azure-pipelines.yml = azure-pipelines.yml
	EndProjectSection
EndProject
Global
	GlobalSection(SolutionConfigurationPlatforms) = preSolution
		CI|Any CPU = CI|Any CPU
		Debug|Any CPU = Debug|Any CPU
		Release|Any CPU = Release|Any CPU
	EndGlobalSection
	GlobalSection(ProjectConfigurationPlatforms) = postSolution
		{3AD9B722-6AFC-409F-8ACB-82007C0C8DA7}.CI|Any CPU.ActiveCfg = CI|Any CPU
		{3AD9B722-6AFC-409F-8ACB-82007C0C8DA7}.CI|Any CPU.Build.0 = CI|Any CPU
		{3AD9B722-6AFC-409F-8ACB-82007C0C8DA7}.Debug|Any CPU.ActiveCfg = Debug|Any CPU
		{3AD9B722-6AFC-409F-8ACB-82007C0C8DA7}.Debug|Any CPU.Build.0 = Debug|Any CPU
		{3AD9B722-6AFC-409F-8ACB-82007C0C8DA7}.Release|Any CPU.ActiveCfg = Release|Any CPU
		{3AD9B722-6AFC-409F-8ACB-82007C0C8DA7}.Release|Any CPU.Build.0 = Release|Any CPU
		{C3C06834-9508-46B9-9F4D-57FF14BFF16C}.CI|Any CPU.ActiveCfg = CI|Any CPU
		{C3C06834-9508-46B9-9F4D-57FF14BFF16C}.CI|Any CPU.Build.0 = CI|Any CPU
		{C3C06834-9508-46B9-9F4D-57FF14BFF16C}.Debug|Any CPU.ActiveCfg = Debug|Any CPU
		{C3C06834-9508-46B9-9F4D-57FF14BFF16C}.Debug|Any CPU.Build.0 = Debug|Any CPU
		{C3C06834-9508-46B9-9F4D-57FF14BFF16C}.Release|Any CPU.ActiveCfg = Release|Any CPU
		{C3C06834-9508-46B9-9F4D-57FF14BFF16C}.Release|Any CPU.Build.0 = Release|Any CPU
	EndGlobalSection
	GlobalSection(SolutionProperties) = preSolution
		HideSolutionNode = FALSE
	EndGlobalSection
	GlobalSection(NestedProjects) = preSolution
		{3AD9B722-6AFC-409F-8ACB-82007C0C8DA7} = {64356445-D9AF-4542-91B8-ABE977D11789}
		{C3C06834-9508-46B9-9F4D-57FF14BFF16C} = {BAA77219-03C4-4C25-9356-A503BECD4BB7}
		{D13EC6B0-7950-4175-BB12-80BB6D099FF8} = {AFB6DAEC-6BDF-43F3-B701-C2541F0FE7EE}
	EndGlobalSection
	GlobalSection(ExtensibilityGlobals) = postSolution
		SolutionGuid = {C59E5DA9-A370-4C59-83E6-08B3E209F41B}
	EndGlobalSection
EndGlobal
