
Microsoft Visual Studio Solution File, Format Version 12.00
# Visual Studio Version 16
VisualStudioVersion = 16.0.30011.22
MinimumVisualStudioVersion = 10.0.40219.1
Project("{2150E333-8FDC-42A3-9474-1A3956D46DE8}") = "src", "src", "{64356445-D9AF-4542-91B8-ABE977D11789}"
EndProject
Project("{2150E333-8FDC-42A3-9474-1A3956D46DE8}") = "sln", "sln", "{AFB6DAEC-6BDF-43F3-B701-C2541F0FE7EE}"
	ProjectSection(SolutionItems) = preProject
		.editorconfig = .editorconfig
		.gitattributes = .gitattributes
		.gitignore = .gitignore
		assembly.props = assembly.props
		LICENSE = LICENSE
		README.md = README.md
		version.props = version.props
	EndProjectSection
EndProject
Project("{2150E333-8FDC-42A3-9474-1A3956D46DE8}") = "azure", "azure", "{D13EC6B0-7950-4175-BB12-80BB6D099FF8}"
	ProjectSection(SolutionItems) = preProject
		azure-pipelines.yml = azure-pipelines.yml
	EndProjectSection
EndProject
Project("{9A19103F-16F7-4668-BE54-9A1E7A4F7556}") = "RandomStringSamples", "samples\RandomStringSamples\RandomStringSamples.csproj", "{9A319F0B-04AC-4126-97CD-2CA6076B935B}"
EndProject
Global
	GlobalSection(SolutionConfigurationPlatforms) = preSolution
		Debug|Any CPU = Debug|Any CPU
		Release|Any CPU = Release|Any CPU
	EndGlobalSection
	GlobalSection(ProjectConfigurationPlatforms) = postSolution
		{9A319F0B-04AC-4126-97CD-2CA6076B935B}.Debug|Any CPU.ActiveCfg = Debug|Any CPU
		{9A319F0B-04AC-4126-97CD-2CA6076B935B}.Debug|Any CPU.Build.0 = Debug|Any CPU
		{9A319F0B-04AC-4126-97CD-2CA6076B935B}.Release|Any CPU.ActiveCfg = Release|Any CPU
		{9A319F0B-04AC-4126-97CD-2CA6076B935B}.Release|Any CPU.Build.0 = Release|Any CPU
	EndGlobalSection
	GlobalSection(SolutionProperties) = preSolution
		HideSolutionNode = FALSE
	EndGlobalSection
	GlobalSection(NestedProjects) = preSolution
		{D13EC6B0-7950-4175-BB12-80BB6D099FF8} = {AFB6DAEC-6BDF-43F3-B701-C2541F0FE7EE}
		{9A319F0B-04AC-4126-97CD-2CA6076B935B} = {64356445-D9AF-4542-91B8-ABE977D11789}
	EndGlobalSection
	GlobalSection(ExtensibilityGlobals) = postSolution
		SolutionGuid = {C59E5DA9-A370-4C59-83E6-08B3E209F41B}
	EndGlobalSection
EndGlobal
